
Microsoft Visual Studio Solution File, Format Version 12.00
# Visual Studio Version 16
VisualStudioVersion = 16.0.31702.278
MinimumVisualStudioVersion = 10.0.40219.1
Project("{FAE04EC0-301F-11D3-BF4B-00C04F79EFBC}") = "DataBaseBlobStorage", "DataBaseBlobStorage.csproj", "{E1570E8C-33AD-406B-8B20-00C5B4426263}"
EndProject
Global
	GlobalSection(SolutionConfigurationPlatforms) = preSolution
		Debug|Any CPU = Debug|Any CPU
		Release|Any CPU = Release|Any CPU
	EndGlobalSection
	GlobalSection(ProjectConfigurationPlatforms) = postSolution
		{E1570E8C-33AD-406B-8B20-00C5B4426263}.Debug|Any CPU.ActiveCfg = Debug|Any CPU
		{E1570E8C-33AD-406B-8B20-00C5B4426263}.Debug|Any CPU.Build.0 = Debug|Any CPU
		{E1570E8C-33AD-406B-8B20-00C5B4426263}.Release|Any CPU.ActiveCfg = Release|Any CPU
		{E1570E8C-33AD-406B-8B20-00C5B4426263}.Release|Any CPU.Build.0 = Release|Any CPU
	EndGlobalSection
	GlobalSection(SolutionProperties) = preSolution
		HideSolutionNode = FALSE
	EndGlobalSection
	GlobalSection(ExtensibilityGlobals) = postSolution
		SolutionGuid = {F0C095D3-7A7C-4A17-8932-997A4A4AF7C4}
	EndGlobalSection
EndGlobal
